// !$*UTF8*$!
{
	archiveVersion = 1;
	classes = {
	};
	objectVersion = 56;
	objects = {

/* Begin PBXBuildFile section */
		590522712CB54E88009A4B90 /* GridModifier.swift in Sources */ = {isa = PBXBuildFile; fileRef = 590522702CB54E71009A4B90 /* GridModifier.swift */; };
		590522732CB54ECD009A4B90 /* GredContainers.swift in Sources */ = {isa = PBXBuildFile; fileRef = 590522722CB54ECD009A4B90 /* GredContainers.swift */; };
		591580582C80F2D30014E14B /* StackBootleg.swift in Sources */ = {isa = PBXBuildFile; fileRef = 591580572C80F2D30014E14B /* StackBootleg.swift */; };
		591A8C2B2CB585C8002CCFF2 /* SwiftApiCall.swift in Sources */ = {isa = PBXBuildFile; fileRef = 591A8C2A2CB585C8002CCFF2 /* SwiftApiCall.swift */; };
		597EF3E22CC6FCA600EB0D3D /* WordScramble.swift in Sources */ = {isa = PBXBuildFile; fileRef = 597EF3E12CC6FCA600EB0D3D /* WordScramble.swift */; };
		59855BC92CD5F2CC0017C462 /* RecordPlayer.swift in Sources */ = {isa = PBXBuildFile; fileRef = 59855BC82CD5F2CC0017C462 /* RecordPlayer.swift */; };
		59855BCB2CD5FBDF0017C462 /* RecordPlayerBox.swift in Sources */ = {isa = PBXBuildFile; fileRef = 59855BCA2CD5FBDF0017C462 /* RecordPlayerBox.swift */; };
		59855BCD2CD5FDB70017C462 /* music.m4a in Resources */ = {isa = PBXBuildFile; fileRef = 59855BCC2CD5FDB70017C462 /* music.m4a */; };
		59855BCF2CD6003F0017C462 /* RecordView.swift in Sources */ = {isa = PBXBuildFile; fileRef = 59855BCE2CD6003F0017C462 /* RecordView.swift */; };
		599CF1552C85C4DB00733B1E /* ScrollViewBootleg .swift in Sources */ = {isa = PBXBuildFile; fileRef = 599CF1542C85C4DB00733B1E /* ScrollViewBootleg .swift */; };
		599CF1572C85D9DD00733B1E /* LazySwiftBootleg.swift in Sources */ = {isa = PBXBuildFile; fileRef = 599CF1562C85D9DD00733B1E /* LazySwiftBootleg.swift */; };
		599D9C032C850974001A3127 /* ForEachBootleg.swift in Sources */ = {isa = PBXBuildFile; fileRef = 599D9C022C850974001A3127 /* ForEachBootleg.swift */; };
		59D2C1192C7F98730085DA13 /* SwiftIconBotleg.swift in Sources */ = {isa = PBXBuildFile; fileRef = 59D2C1182C7F98730085DA13 /* SwiftIconBotleg.swift */; };
		59D42ABF2C82EF74008E17B3 /* MapBootleg.swift in Sources */ = {isa = PBXBuildFile; fileRef = 59D42ABE2C82EF74008E17B3 /* MapBootleg.swift */; };
		59D500D52C837AB400EC758E /* ContentViewBootleg.swift in Sources */ = {isa = PBXBuildFile; fileRef = 59D500D42C837AB400EC758E /* ContentViewBootleg.swift */; };
		59D914402C7CFE8300A8A03F /* SwiftfulBootlegSeriesApp.swift in Sources */ = {isa = PBXBuildFile; fileRef = 59D9143F2C7CFE8300A8A03F /* SwiftfulBootlegSeriesApp.swift */; };
		59D914422C7CFE8300A8A03F /* ContentView.swift in Sources */ = {isa = PBXBuildFile; fileRef = 59D914412C7CFE8300A8A03F /* ContentView.swift */; };
		59D914442C7CFE8500A8A03F /* Assets.xcassets in Resources */ = {isa = PBXBuildFile; fileRef = 59D914432C7CFE8500A8A03F /* Assets.xcassets */; };
		59D914472C7CFE8500A8A03F /* Preview Assets.xcassets in Resources */ = {isa = PBXBuildFile; fileRef = 59D914462C7CFE8500A8A03F /* Preview Assets.xcassets */; };
		59E175742CB9006400EF2287 /* Scrumdinger.swift in Sources */ = {isa = PBXBuildFile; fileRef = 59E175732CB9006400EF2287 /* Scrumdinger.swift */; };
		59EB60EB2CC1956200BE24BD /* CountdownTimer.swift in Sources */ = {isa = PBXBuildFile; fileRef = 59EB60EA2CC1956200BE24BD /* CountdownTimer.swift */; };
		59EBE8C42C82316600784DB2 /* initBootleg.swift in Sources */ = {isa = PBXBuildFile; fileRef = 59EBE8C32C82316600784DB2 /* initBootleg.swift */; };
		59EBE8C62C824E4100784DB2 /* journalBootleg.swift in Sources */ = {isa = PBXBuildFile; fileRef = 59EBE8C52C824E4100784DB2 /* journalBootleg.swift */; };
		59F74A1F2C7F3FDC00B1B32B /* TextBootleg.swift in Sources */ = {isa = PBXBuildFile; fileRef = 59F74A1E2C7F3FDC00B1B32B /* TextBootleg.swift */; };
/* End PBXBuildFile section */

/* Begin PBXFileReference section */
		590522702CB54E71009A4B90 /* GridModifier.swift */ = {isa = PBXFileReference; lastKnownFileType = sourcecode.swift; path = GridModifier.swift; sourceTree = "<group>"; };
		590522722CB54ECD009A4B90 /* GredContainers.swift */ = {isa = PBXFileReference; lastKnownFileType = sourcecode.swift; path = GredContainers.swift; sourceTree = "<group>"; };
		591580572C80F2D30014E14B /* StackBootleg.swift */ = {isa = PBXFileReference; lastKnownFileType = sourcecode.swift; path = StackBootleg.swift; sourceTree = "<group>"; };
		591A8C2A2CB585C8002CCFF2 /* SwiftApiCall.swift */ = {isa = PBXFileReference; lastKnownFileType = sourcecode.swift; path = SwiftApiCall.swift; sourceTree = "<group>"; };
		597EF3E12CC6FCA600EB0D3D /* WordScramble.swift */ = {isa = PBXFileReference; lastKnownFileType = sourcecode.swift; path = WordScramble.swift; sourceTree = "<group>"; };
		59855BC82CD5F2CC0017C462 /* RecordPlayer.swift */ = {isa = PBXFileReference; lastKnownFileType = sourcecode.swift; path = RecordPlayer.swift; sourceTree = "<group>"; };
		59855BCA2CD5FBDF0017C462 /* RecordPlayerBox.swift */ = {isa = PBXFileReference; lastKnownFileType = sourcecode.swift; path = RecordPlayerBox.swift; sourceTree = "<group>"; };
		59855BCC2CD5FDB70017C462 /* music.m4a */ = {isa = PBXFileReference; lastKnownFileType = file; path = music.m4a; sourceTree = "<group>"; };
		59855BCE2CD6003F0017C462 /* RecordView.swift */ = {isa = PBXFileReference; lastKnownFileType = sourcecode.swift; path = RecordView.swift; sourceTree = "<group>"; };
		599CF1542C85C4DB00733B1E /* ScrollViewBootleg .swift */ = {isa = PBXFileReference; lastKnownFileType = sourcecode.swift; path = "ScrollViewBootleg .swift"; sourceTree = "<group>"; };
		599CF1562C85D9DD00733B1E /* LazySwiftBootleg.swift */ = {isa = PBXFileReference; lastKnownFileType = sourcecode.swift; path = LazySwiftBootleg.swift; sourceTree = "<group>"; };
		599D9C022C850974001A3127 /* ForEachBootleg.swift */ = {isa = PBXFileReference; lastKnownFileType = sourcecode.swift; path = ForEachBootleg.swift; sourceTree = "<group>"; };
		59D2C1182C7F98730085DA13 /* SwiftIconBotleg.swift */ = {isa = PBXFileReference; lastKnownFileType = sourcecode.swift; path = SwiftIconBotleg.swift; sourceTree = "<group>"; };
		59D42ABE2C82EF74008E17B3 /* MapBootleg.swift */ = {isa = PBXFileReference; lastKnownFileType = sourcecode.swift; path = MapBootleg.swift; sourceTree = "<group>"; };
		59D500D42C837AB400EC758E /* ContentViewBootleg.swift */ = {isa = PBXFileReference; lastKnownFileType = sourcecode.swift; path = ContentViewBootleg.swift; sourceTree = "<group>"; };
		59D9143C2C7CFE8300A8A03F /* SwiftfulBootlegSeries.app */ = {isa = PBXFileReference; explicitFileType = wrapper.application; includeInIndex = 0; path = SwiftfulBootlegSeries.app; sourceTree = BUILT_PRODUCTS_DIR; };
		59D9143F2C7CFE8300A8A03F /* SwiftfulBootlegSeriesApp.swift */ = {isa = PBXFileReference; lastKnownFileType = sourcecode.swift; path = SwiftfulBootlegSeriesApp.swift; sourceTree = "<group>"; };
		59D914412C7CFE8300A8A03F /* ContentView.swift */ = {isa = PBXFileReference; lastKnownFileType = sourcecode.swift; path = ContentView.swift; sourceTree = "<group>"; };
		59D914432C7CFE8500A8A03F /* Assets.xcassets */ = {isa = PBXFileReference; lastKnownFileType = folder.assetcatalog; path = Assets.xcassets; sourceTree = "<group>"; };
		59D914462C7CFE8500A8A03F /* Preview Assets.xcassets */ = {isa = PBXFileReference; lastKnownFileType = folder.assetcatalog; path = "Preview Assets.xcassets"; sourceTree = "<group>"; };
		59E175732CB9006400EF2287 /* Scrumdinger.swift */ = {isa = PBXFileReference; lastKnownFileType = sourcecode.swift; path = Scrumdinger.swift; sourceTree = "<group>"; };
		59EB60EA2CC1956200BE24BD /* CountdownTimer.swift */ = {isa = PBXFileReference; lastKnownFileType = sourcecode.swift; path = CountdownTimer.swift; sourceTree = "<group>"; };
		59EBE8C32C82316600784DB2 /* initBootleg.swift */ = {isa = PBXFileReference; lastKnownFileType = sourcecode.swift; path = initBootleg.swift; sourceTree = "<group>"; };
		59EBE8C52C824E4100784DB2 /* journalBootleg.swift */ = {isa = PBXFileReference; lastKnownFileType = sourcecode.swift; path = journalBootleg.swift; sourceTree = "<group>"; };
		59F74A1E2C7F3FDC00B1B32B /* TextBootleg.swift */ = {isa = PBXFileReference; lastKnownFileType = sourcecode.swift; path = TextBootleg.swift; sourceTree = "<group>"; };
/* End PBXFileReference section */

/* Begin PBXFrameworksBuildPhase section */
		59D914392C7CFE8300A8A03F /* Frameworks */ = {
			isa = PBXFrameworksBuildPhase;
			buildActionMask = 2147483647;
			files = (
			);
			runOnlyForDeploymentPostprocessing = 0;
		};
/* End PBXFrameworksBuildPhase section */

/* Begin PBXGroup section */
		59D914332C7CFE8300A8A03F = {
			isa = PBXGroup;
			children = (
				59D9143E2C7CFE8300A8A03F /* SwiftfulBootlegSeries */,
				59D9143D2C7CFE8300A8A03F /* Products */,
			);
			sourceTree = "<group>";
		};
		59D9143D2C7CFE8300A8A03F /* Products */ = {
			isa = PBXGroup;
			children = (
				59D9143C2C7CFE8300A8A03F /* SwiftfulBootlegSeries.app */,
			);
			name = Products;
			sourceTree = "<group>";
		};
		59D9143E2C7CFE8300A8A03F /* SwiftfulBootlegSeries */ = {
			isa = PBXGroup;
			children = (
				590522702CB54E71009A4B90 /* GridModifier.swift */,
				59E175732CB9006400EF2287 /* Scrumdinger.swift */,
				591A8C2A2CB585C8002CCFF2 /* SwiftApiCall.swift */,
				59D9143F2C7CFE8300A8A03F /* SwiftfulBootlegSeriesApp.swift */,
				59D914412C7CFE8300A8A03F /* ContentView.swift */,
				59D2C1182C7F98730085DA13 /* SwiftIconBotleg.swift */,
				591580572C80F2D30014E14B /* StackBootleg.swift */,
				590522722CB54ECD009A4B90 /* GredContainers.swift */,
				59EBE8C32C82316600784DB2 /* initBootleg.swift */,
				59D42ABE2C82EF74008E17B3 /* MapBootleg.swift */,
				59D500D42C837AB400EC758E /* ContentViewBootleg.swift */,
				59EBE8C52C824E4100784DB2 /* journalBootleg.swift */,
				59F74A1E2C7F3FDC00B1B32B /* TextBootleg.swift */,
				599D9C022C850974001A3127 /* ForEachBootleg.swift */,
				599CF1542C85C4DB00733B1E /* ScrollViewBootleg .swift */,
				599CF1562C85D9DD00733B1E /* LazySwiftBootleg.swift */,
				59EB60EA2CC1956200BE24BD /* CountdownTimer.swift */,
				597EF3E12CC6FCA600EB0D3D /* WordScramble.swift */,
				59855BC82CD5F2CC0017C462 /* RecordPlayer.swift */,
				59855BCC2CD5FDB70017C462 /* music.m4a */,
				59855BCA2CD5FBDF0017C462 /* RecordPlayerBox.swift */,
				59D914432C7CFE8500A8A03F /* Assets.xcassets */,
				59D914452C7CFE8500A8A03F /* Preview Content */,
				59855BCE2CD6003F0017C462 /* RecordView.swift */,
			);
			path = SwiftfulBootlegSeries;
			sourceTree = "<group>";
		};
		59D914452C7CFE8500A8A03F /* Preview Content */ = {
			isa = PBXGroup;
			children = (
				59D914462C7CFE8500A8A03F /* Preview Assets.xcassets */,
			);
			path = "Preview Content";
			sourceTree = "<group>";
		};
/* End PBXGroup section */

/* Begin PBXNativeTarget section */
		59D9143B2C7CFE8300A8A03F /* SwiftfulBootlegSeries */ = {
			isa = PBXNativeTarget;
			buildConfigurationList = 59D9144A2C7CFE8500A8A03F /* Build configuration list for PBXNativeTarget "SwiftfulBootlegSeries" */;
			buildPhases = (
				59D914382C7CFE8300A8A03F /* Sources */,
				59D914392C7CFE8300A8A03F /* Frameworks */,
				59D9143A2C7CFE8300A8A03F /* Resources */,
			);
			buildRules = (
			);
			dependencies = (
			);
			name = SwiftfulBootlegSeries;
			productName = SwiftfulBootlegSeries;
			productReference = 59D9143C2C7CFE8300A8A03F /* SwiftfulBootlegSeries.app */;
			productType = "com.apple.product-type.application";
		};
/* End PBXNativeTarget section */

/* Begin PBXProject section */
		59D914342C7CFE8300A8A03F /* Project object */ = {
			isa = PBXProject;
			attributes = {
				BuildIndependentTargetsInParallel = 1;
				LastSwiftUpdateCheck = 1540;
				LastUpgradeCheck = 1540;
				TargetAttributes = {
					59D9143B2C7CFE8300A8A03F = {
						CreatedOnToolsVersion = 15.4;
					};
				};
			};
			buildConfigurationList = 59D914372C7CFE8300A8A03F /* Build configuration list for PBXProject "SwiftfulBootlegSeries" */;
			compatibilityVersion = "Xcode 14.0";
			developmentRegion = en;
			hasScannedForEncodings = 0;
			knownRegions = (
				en,
				Base,
			);
			mainGroup = 59D914332C7CFE8300A8A03F;
			productRefGroup = 59D9143D2C7CFE8300A8A03F /* Products */;
			projectDirPath = "";
			projectRoot = "";
			targets = (
				59D9143B2C7CFE8300A8A03F /* SwiftfulBootlegSeries */,
			);
		};
/* End PBXProject section */

/* Begin PBXResourcesBuildPhase section */
		59D9143A2C7CFE8300A8A03F /* Resources */ = {
			isa = PBXResourcesBuildPhase;
			buildActionMask = 2147483647;
			files = (
				59D914472C7CFE8500A8A03F /* Preview Assets.xcassets in Resources */,
				59D914442C7CFE8500A8A03F /* Assets.xcassets in Resources */,
				59855BCD2CD5FDB70017C462 /* music.m4a in Resources */,
			);
			runOnlyForDeploymentPostprocessing = 0;
		};
/* End PBXResourcesBuildPhase section */

/* Begin PBXSourcesBuildPhase section */
		59D914382C7CFE8300A8A03F /* Sources */ = {
			isa = PBXSourcesBuildPhase;
			buildActionMask = 2147483647;
			files = (
				59EB60EB2CC1956200BE24BD /* CountdownTimer.swift in Sources */,
				59EBE8C42C82316600784DB2 /* initBootleg.swift in Sources */,
				59F74A1F2C7F3FDC00B1B32B /* TextBootleg.swift in Sources */,
				59E175742CB9006400EF2287 /* Scrumdinger.swift in Sources */,
				591580582C80F2D30014E14B /* StackBootleg.swift in Sources */,
				599CF1552C85C4DB00733B1E /* ScrollViewBootleg .swift in Sources */,
				59D914422C7CFE8300A8A03F /* ContentView.swift in Sources */,
				590522732CB54ECD009A4B90 /* GredContainers.swift in Sources */,
				597EF3E22CC6FCA600EB0D3D /* WordScramble.swift in Sources */,
				59D914402C7CFE8300A8A03F /* SwiftfulBootlegSeriesApp.swift in Sources */,
				59855BCF2CD6003F0017C462 /* RecordView.swift in Sources */,
				599CF1572C85D9DD00733B1E /* LazySwiftBootleg.swift in Sources */,
				591A8C2B2CB585C8002CCFF2 /* SwiftApiCall.swift in Sources */,
				590522712CB54E88009A4B90 /* GridModifier.swift in Sources */,
				59855BCB2CD5FBDF0017C462 /* RecordPlayerBox.swift in Sources */,
				59D42ABF2C82EF74008E17B3 /* MapBootleg.swift in Sources */,
				59EBE8C62C824E4100784DB2 /* journalBootleg.swift in Sources */,
				59D2C1192C7F98730085DA13 /* SwiftIconBotleg.swift in Sources */,
				59D500D52C837AB400EC758E /* ContentViewBootleg.swift in Sources */,
				59855BC92CD5F2CC0017C462 /* RecordPlayer.swift in Sources */,
				599D9C032C850974001A3127 /* ForEachBootleg.swift in Sources */,
			);
			runOnlyForDeploymentPostprocessing = 0;
		};
/* End PBXSourcesBuildPhase section */

/* Begin XCBuildConfiguration section */
		59D914482C7CFE8500A8A03F /* Debug */ = {
			isa = XCBuildConfiguration;
			buildSettings = {
				ALWAYS_SEARCH_USER_PATHS = NO;
				ASSETCATALOG_COMPILER_GENERATE_SWIFT_ASSET_SYMBOL_EXTENSIONS = YES;
				CLANG_ANALYZER_NONNULL = YES;
				CLANG_ANALYZER_NUMBER_OBJECT_CONVERSION = YES_AGGRESSIVE;
				CLANG_CXX_LANGUAGE_STANDARD = "gnu++20";
				CLANG_ENABLE_MODULES = YES;
				CLANG_ENABLE_OBJC_ARC = YES;
				CLANG_ENABLE_OBJC_WEAK = YES;
				CLANG_WARN_BLOCK_CAPTURE_AUTORELEASING = YES;
				CLANG_WARN_BOOL_CONVERSION = YES;
				CLANG_WARN_COMMA = YES;
				CLANG_WARN_CONSTANT_CONVERSION = YES;
				CLANG_WARN_DEPRECATED_OBJC_IMPLEMENTATIONS = YES;
				CLANG_WARN_DIRECT_OBJC_ISA_USAGE = YES_ERROR;
				CLANG_WARN_DOCUMENTATION_COMMENTS = YES;
				CLANG_WARN_EMPTY_BODY = YES;
				CLANG_WARN_ENUM_CONVERSION = YES;
				CLANG_WARN_INFINITE_RECURSION = YES;
				CLANG_WARN_INT_CONVERSION = YES;
				CLANG_WARN_NON_LITERAL_NULL_CONVERSION = YES;
				CLANG_WARN_OBJC_IMPLICIT_RETAIN_SELF = YES;
				CLANG_WARN_OBJC_LITERAL_CONVERSION = YES;
				CLANG_WARN_OBJC_ROOT_CLASS = YES_ERROR;
				CLANG_WARN_QUOTED_INCLUDE_IN_FRAMEWORK_HEADER = YES;
				CLANG_WARN_RANGE_LOOP_ANALYSIS = YES;
				CLANG_WARN_STRICT_PROTOTYPES = YES;
				CLANG_WARN_SUSPICIOUS_MOVE = YES;
				CLANG_WARN_UNGUARDED_AVAILABILITY = YES_AGGRESSIVE;
				CLANG_WARN_UNREACHABLE_CODE = YES;
				CLANG_WARN__DUPLICATE_METHOD_MATCH = YES;
				COPY_PHASE_STRIP = NO;
				DEBUG_INFORMATION_FORMAT = dwarf;
				ENABLE_STRICT_OBJC_MSGSEND = YES;
				ENABLE_TESTABILITY = YES;
				ENABLE_USER_SCRIPT_SANDBOXING = YES;
				GCC_C_LANGUAGE_STANDARD = gnu17;
				GCC_DYNAMIC_NO_PIC = NO;
				GCC_NO_COMMON_BLOCKS = YES;
				GCC_OPTIMIZATION_LEVEL = 0;
				GCC_PREPROCESSOR_DEFINITIONS = (
					"DEBUG=1",
					"$(inherited)",
				);
				GCC_WARN_64_TO_32_BIT_CONVERSION = YES;
				GCC_WARN_ABOUT_RETURN_TYPE = YES_ERROR;
				GCC_WARN_UNDECLARED_SELECTOR = YES;
				GCC_WARN_UNINITIALIZED_AUTOS = YES_AGGRESSIVE;
				GCC_WARN_UNUSED_FUNCTION = YES;
				GCC_WARN_UNUSED_VARIABLE = YES;
				IPHONEOS_DEPLOYMENT_TARGET = 17.5;
				LOCALIZATION_PREFERS_STRING_CATALOGS = YES;
				MTL_ENABLE_DEBUG_INFO = INCLUDE_SOURCE;
				MTL_FAST_MATH = YES;
				ONLY_ACTIVE_ARCH = YES;
				SDKROOT = iphoneos;
				SWIFT_ACTIVE_COMPILATION_CONDITIONS = "DEBUG $(inherited)";
				SWIFT_OPTIMIZATION_LEVEL = "-Onone";
			};
			name = Debug;
		};
		59D914492C7CFE8500A8A03F /* Release */ = {
			isa = XCBuildConfiguration;
			buildSettings = {
				ALWAYS_SEARCH_USER_PATHS = NO;
				ASSETCATALOG_COMPILER_GENERATE_SWIFT_ASSET_SYMBOL_EXTENSIONS = YES;
				CLANG_ANALYZER_NONNULL = YES;
				CLANG_ANALYZER_NUMBER_OBJECT_CONVERSION = YES_AGGRESSIVE;
				CLANG_CXX_LANGUAGE_STANDARD = "gnu++20";
				CLANG_ENABLE_MODULES = YES;
				CLANG_ENABLE_OBJC_ARC = YES;
				CLANG_ENABLE_OBJC_WEAK = YES;
				CLANG_WARN_BLOCK_CAPTURE_AUTORELEASING = YES;
				CLANG_WARN_BOOL_CONVERSION = YES;
				CLANG_WARN_COMMA = YES;
				CLANG_WARN_CONSTANT_CONVERSION = YES;
				CLANG_WARN_DEPRECATED_OBJC_IMPLEMENTATIONS = YES;
				CLANG_WARN_DIRECT_OBJC_ISA_USAGE = YES_ERROR;
				CLANG_WARN_DOCUMENTATION_COMMENTS = YES;
				CLANG_WARN_EMPTY_BODY = YES;
				CLANG_WARN_ENUM_CONVERSION = YES;
				CLANG_WARN_INFINITE_RECURSION = YES;
				CLANG_WARN_INT_CONVERSION = YES;
				CLANG_WARN_NON_LITERAL_NULL_CONVERSION = YES;
				CLANG_WARN_OBJC_IMPLICIT_RETAIN_SELF = YES;
				CLANG_WARN_OBJC_LITERAL_CONVERSION = YES;
				CLANG_WARN_OBJC_ROOT_CLASS = YES_ERROR;
				CLANG_WARN_QUOTED_INCLUDE_IN_FRAMEWORK_HEADER = YES;
				CLANG_WARN_RANGE_LOOP_ANALYSIS = YES;
				CLANG_WARN_STRICT_PROTOTYPES = YES;
				CLANG_WARN_SUSPICIOUS_MOVE = YES;
				CLANG_WARN_UNGUARDED_AVAILABILITY = YES_AGGRESSIVE;
				CLANG_WARN_UNREACHABLE_CODE = YES;
				CLANG_WARN__DUPLICATE_METHOD_MATCH = YES;
				COPY_PHASE_STRIP = NO;
				DEBUG_INFORMATION_FORMAT = "dwarf-with-dsym";
				ENABLE_NS_ASSERTIONS = NO;
				ENABLE_STRICT_OBJC_MSGSEND = YES;
				ENABLE_USER_SCRIPT_SANDBOXING = YES;
				GCC_C_LANGUAGE_STANDARD = gnu17;
				GCC_NO_COMMON_BLOCKS = YES;
				GCC_WARN_64_TO_32_BIT_CONVERSION = YES;
				GCC_WARN_ABOUT_RETURN_TYPE = YES_ERROR;
				GCC_WARN_UNDECLARED_SELECTOR = YES;
				GCC_WARN_UNINITIALIZED_AUTOS = YES_AGGRESSIVE;
				GCC_WARN_UNUSED_FUNCTION = YES;
				GCC_WARN_UNUSED_VARIABLE = YES;
				IPHONEOS_DEPLOYMENT_TARGET = 17.5;
				LOCALIZATION_PREFERS_STRING_CATALOGS = YES;
				MTL_ENABLE_DEBUG_INFO = NO;
				MTL_FAST_MATH = YES;
				SDKROOT = iphoneos;
				SWIFT_COMPILATION_MODE = wholemodule;
				VALIDATE_PRODUCT = YES;
			};
			name = Release;
		};
		59D9144B2C7CFE8500A8A03F /* Debug */ = {
			isa = XCBuildConfiguration;
			buildSettings = {
				ASSETCATALOG_COMPILER_APPICON_NAME = AppIcon;
				ASSETCATALOG_COMPILER_GLOBAL_ACCENT_COLOR_NAME = AccentColor;
				CODE_SIGN_STYLE = Automatic;
				CURRENT_PROJECT_VERSION = 1;
				DEVELOPMENT_ASSET_PATHS = "\"SwiftfulBootlegSeries/Preview Content\"";
				ENABLE_PREVIEWS = YES;
				GENERATE_INFOPLIST_FILE = YES;
				INFOPLIST_KEY_CFBundleDisplayName = Bootleg;
				INFOPLIST_KEY_UIApplicationSceneManifest_Generation = YES;
				INFOPLIST_KEY_UIApplicationSupportsIndirectInputEvents = YES;
				INFOPLIST_KEY_UILaunchScreen_Generation = YES;
				INFOPLIST_KEY_UISupportedInterfaceOrientations_iPad = "UIInterfaceOrientationPortrait UIInterfaceOrientationPortraitUpsideDown UIInterfaceOrientationLandscapeLeft UIInterfaceOrientationLandscapeRight";
				INFOPLIST_KEY_UISupportedInterfaceOrientations_iPhone = "UIInterfaceOrientationPortrait UIInterfaceOrientationLandscapeLeft UIInterfaceOrientationLandscapeRight";
				LD_RUNPATH_SEARCH_PATHS = (
					"$(inherited)",
					"@executable_path/Frameworks",
				);
				MARKETING_VERSION = 1.0;
				PRODUCT_BUNDLE_IDENTIFIER = com.dataTech.SwiftfulBootlegSeries;
				PRODUCT_NAME = "$(TARGET_NAME)";
				SWIFT_EMIT_LOC_STRINGS = YES;
				SWIFT_VERSION = 5.0;
				TARGETED_DEVICE_FAMILY = "1,2";
			};
			name = Debug;
		};
		59D9144C2C7CFE8500A8A03F /* Release */ = {
			isa = XCBuildConfiguration;
			buildSettings = {
				ASSETCATALOG_COMPILER_APPICON_NAME = AppIcon;
				ASSETCATALOG_COMPILER_GLOBAL_ACCENT_COLOR_NAME = AccentColor;
				CODE_SIGN_STYLE = Automatic;
				CURRENT_PROJECT_VERSION = 1;
				DEVELOPMENT_ASSET_PATHS = "\"SwiftfulBootlegSeries/Preview Content\"";
				ENABLE_PREVIEWS = YES;
				GENERATE_INFOPLIST_FILE = YES;
				INFOPLIST_KEY_CFBundleDisplayName = Bootleg;
				INFOPLIST_KEY_UIApplicationSceneManifest_Generation = YES;
				INFOPLIST_KEY_UIApplicationSupportsIndirectInputEvents = YES;
				INFOPLIST_KEY_UILaunchScreen_Generation = YES;
				INFOPLIST_KEY_UISupportedInterfaceOrientations_iPad = "UIInterfaceOrientationPortrait UIInterfaceOrientationPortraitUpsideDown UIInterfaceOrientationLandscapeLeft UIInterfaceOrientationLandscapeRight";
				INFOPLIST_KEY_UISupportedInterfaceOrientations_iPhone = "UIInterfaceOrientationPortrait UIInterfaceOrientationLandscapeLeft UIInterfaceOrientationLandscapeRight";
				LD_RUNPATH_SEARCH_PATHS = (
					"$(inherited)",
					"@executable_path/Frameworks",
				);
				MARKETING_VERSION = 1.0;
				PRODUCT_BUNDLE_IDENTIFIER = com.dataTech.SwiftfulBootlegSeries;
				PRODUCT_NAME = "$(TARGET_NAME)";
				SWIFT_EMIT_LOC_STRINGS = YES;
				SWIFT_VERSION = 5.0;
				TARGETED_DEVICE_FAMILY = "1,2";
			};
			name = Release;
		};
/* End XCBuildConfiguration section */

/* Begin XCConfigurationList section */
		59D914372C7CFE8300A8A03F /* Build configuration list for PBXProject "SwiftfulBootlegSeries" */ = {
			isa = XCConfigurationList;
			buildConfigurations = (
				59D914482C7CFE8500A8A03F /* Debug */,
				59D914492C7CFE8500A8A03F /* Release */,
			);
			defaultConfigurationIsVisible = 0;
			defaultConfigurationName = Release;
		};
		59D9144A2C7CFE8500A8A03F /* Build configuration list for PBXNativeTarget "SwiftfulBootlegSeries" */ = {
			isa = XCConfigurationList;
			buildConfigurations = (
				59D9144B2C7CFE8500A8A03F /* Debug */,
				59D9144C2C7CFE8500A8A03F /* Release */,
			);
			defaultConfigurationIsVisible = 0;
			defaultConfigurationName = Release;
		};
/* End XCConfigurationList section */
	};
	rootObject = 59D914342C7CFE8300A8A03F /* Project object */;
}
